
Microsoft Visual Studio Solution File, Format Version 12.00
# Visual Studio Version 17
VisualStudioVersion = 17.4.33205.214
MinimumVisualStudioVersion = 10.0.40219.1
Project("{9A19103F-16F7-4668-BE54-9A1E7A4F7556}") = "Backend", "Backend.csproj", "{472D4689-094D-4865-853D-245763AF115D}"
EndProject
Project("{FAE04EC0-301F-11D3-BF4B-00C04F79EFBC}") = "TestBackend", "..\TestBackend\TestBackend.csproj", "{A58B2E86-29E4-48FA-A73F-CFFF5C5ED9E2}"
EndProject
Global
	GlobalSection(SolutionConfigurationPlatforms) = preSolution
		Debug|Any CPU = Debug|Any CPU
		Release|Any CPU = Release|Any CPU
	EndGlobalSection
	GlobalSection(ProjectConfigurationPlatforms) = postSolution
		{472D4689-094D-4865-853D-245763AF115D}.Debug|Any CPU.ActiveCfg = Debug|Any CPU
		{472D4689-094D-4865-853D-245763AF115D}.Debug|Any CPU.Build.0 = Debug|Any CPU
		{472D4689-094D-4865-853D-245763AF115D}.Release|Any CPU.ActiveCfg = Release|Any CPU
		{472D4689-094D-4865-853D-245763AF115D}.Release|Any CPU.Build.0 = Release|Any CPU
		{A58B2E86-29E4-48FA-A73F-CFFF5C5ED9E2}.Debug|Any CPU.ActiveCfg = Debug|Any CPU
		{A58B2E86-29E4-48FA-A73F-CFFF5C5ED9E2}.Debug|Any CPU.Build.0 = Debug|Any CPU
		{A58B2E86-29E4-48FA-A73F-CFFF5C5ED9E2}.Release|Any CPU.ActiveCfg = Release|Any CPU
		{A58B2E86-29E4-48FA-A73F-CFFF5C5ED9E2}.Release|Any CPU.Build.0 = Release|Any CPU
	EndGlobalSection
	GlobalSection(SolutionProperties) = preSolution
		HideSolutionNode = FALSE
	EndGlobalSection
	GlobalSection(ExtensibilityGlobals) = postSolution
		SolutionGuid = {BFA9B62E-66C9-4CA2-8041-8E84A68DEFC6}
	EndGlobalSection
EndGlobal
